// !$*UTF8*$!
{
	archiveVersion = 1;
	classes = {
	};
	objectVersion = 46;
	objects = {

/* Begin PBXBuildFile section */
		BE02237B1D04690500454D06 /* refresh.png in Resources */ = {isa = PBXBuildFile; fileRef = BE02237A1D04690400454D06 /* refresh.png */; };
		BE21D8321CF6EF450027C603 /* LoginViewController.m in Sources */ = {isa = PBXBuildFile; fileRef = BE21D8311CF6EF450027C603 /* LoginViewController.m */; };
		BE295DAD1CF9383F00665F6F /* ChatViewController.m in Sources */ = {isa = PBXBuildFile; fileRef = BE295DAB1CF9383F00665F6F /* ChatViewController.m */; };
		BE295DAE1CF9383F00665F6F /* ChatViewController.xib in Resources */ = {isa = PBXBuildFile; fileRef = BE295DAC1CF9383F00665F6F /* ChatViewController.xib */; };
		BE4890141D01C12000851A3A /* personInfo.png in Resources */ = {isa = PBXBuildFile; fileRef = BE4890131D01C12000851A3A /* personInfo.png */; };
		BE4890171D01C19600851A3A /* planlogo.png in Resources */ = {isa = PBXBuildFile; fileRef = BE4890151D01C19600851A3A /* planlogo.png */; };
		BE4890181D01C19600851A3A /* settinglogo.png in Resources */ = {isa = PBXBuildFile; fileRef = BE4890161D01C19600851A3A /* settinglogo.png */; };
		BE6319D51CFA8BEF0006909B /* user_logo.png in Resources */ = {isa = PBXBuildFile; fileRef = BE6319D41CFA8BEF0006909B /* user_logo.png */; };
		BE6D3DF71CFDBA7B0025C271 /* weather_icon.png in Resources */ = {isa = PBXBuildFile; fileRef = BE6D3DF61CFDBA7B0025C271 /* weather_icon.png */; };
		BE6D3DFA1CFDBE000025C271 /* WeatherModel.m in Sources */ = {isa = PBXBuildFile; fileRef = BE6D3DF91CFDBE000025C271 /* WeatherModel.m */; };
		BE7A0DD41CF5731E0098474D /* LoginViewController.xib in Resources */ = {isa = PBXBuildFile; fileRef = BE7A0DD31CF5731E0098474D /* LoginViewController.xib */; };
		BE86023D1CF53CEA00BEADC1 /* UsersModel.m in Sources */ = {isa = PBXBuildFile; fileRef = BE86023C1CF53CEA00BEADC1 /* UsersModel.m */; };
		BE86024B1CF54BD200BEADC1 /* cm2_blogo_yixin.png in Resources */ = {isa = PBXBuildFile; fileRef = BE86023F1CF54BD200BEADC1 /* cm2_blogo_yixin.png */; };
		BE86024C1CF54BD200BEADC1 /* cm2_blogo_yixin@2x.png in Resources */ = {isa = PBXBuildFile; fileRef = BE8602401CF54BD200BEADC1 /* cm2_blogo_yixin@2x.png */; };
		BE86024D1CF54BD200BEADC1 /* cm2_blogo_yixin@3x.png in Resources */ = {isa = PBXBuildFile; fileRef = BE8602411CF54BD200BEADC1 /* cm2_blogo_yixin@3x.png */; };
		BE86024E1CF54BD200BEADC1 /* cm2_blogo_qq.png in Resources */ = {isa = PBXBuildFile; fileRef = BE8602421CF54BD200BEADC1 /* cm2_blogo_qq.png */; };
		BE86024F1CF54BD200BEADC1 /* cm2_blogo_qq@2x.png in Resources */ = {isa = PBXBuildFile; fileRef = BE8602431CF54BD200BEADC1 /* cm2_blogo_qq@2x.png */; };
		BE8602501CF54BD200BEADC1 /* cm2_blogo_qq@3x.png in Resources */ = {isa = PBXBuildFile; fileRef = BE8602441CF54BD200BEADC1 /* cm2_blogo_qq@3x.png */; };
		BE8602511CF54BD200BEADC1 /* cm2_blogo_weixin.png in Resources */ = {isa = PBXBuildFile; fileRef = BE8602451CF54BD200BEADC1 /* cm2_blogo_weixin.png */; };
		BE8602521CF54BD200BEADC1 /* cm2_blogo_weixin@2x.png in Resources */ = {isa = PBXBuildFile; fileRef = BE8602461CF54BD200BEADC1 /* cm2_blogo_weixin@2x.png */; };
		BE8602531CF54BD200BEADC1 /* cm2_blogo_weixin@3x.png in Resources */ = {isa = PBXBuildFile; fileRef = BE8602471CF54BD200BEADC1 /* cm2_blogo_weixin@3x.png */; };
		BE8602541CF54BD200BEADC1 /* cm2_blogo_sina@3x.png in Resources */ = {isa = PBXBuildFile; fileRef = BE8602481CF54BD200BEADC1 /* cm2_blogo_sina@3x.png */; };
		BE8602551CF54BD200BEADC1 /* cm2_blogo_sina@2x.png in Resources */ = {isa = PBXBuildFile; fileRef = BE8602491CF54BD200BEADC1 /* cm2_blogo_sina@2x.png */; };
		BE8602561CF54BD200BEADC1 /* cm2_blogo_sina.png in Resources */ = {isa = PBXBuildFile; fileRef = BE86024A1CF54BD200BEADC1 /* cm2_blogo_sina.png */; };
		BE8AC8591CF86BEB0061F160 /* MyDrawerViewController.m in Sources */ = {isa = PBXBuildFile; fileRef = BE8AC8581CF86BEB0061F160 /* MyDrawerViewController.m */; };
		BE8AC85D1CF86CFA0061F160 /* sky.jpg in Resources */ = {isa = PBXBuildFile; fileRef = BE8AC85A1CF86CFA0061F160 /* sky.jpg */; };
		BE8AC85E1CF86CFA0061F160 /* sky@2x.jpg in Resources */ = {isa = PBXBuildFile; fileRef = BE8AC85B1CF86CFA0061F160 /* sky@2x.jpg */; };
		BE8AC85F1CF86CFA0061F160 /* sky@3x.jpg in Resources */ = {isa = PBXBuildFile; fileRef = BE8AC85C1CF86CFA0061F160 /* sky@3x.jpg */; };
		BE8AC8631CF870AE0061F160 /* RootViewController.m in Sources */ = {isa = PBXBuildFile; fileRef = BE8AC8611CF870AE0061F160 /* RootViewController.m */; };
		BE8AC8641CF870AE0061F160 /* RootViewController.xib in Resources */ = {isa = PBXBuildFile; fileRef = BE8AC8621CF870AE0061F160 /* RootViewController.xib */; };
		BEE6CE5D1D05026400C2B03A /* Goer_logo@2x.png in Resources */ = {isa = PBXBuildFile; fileRef = BEE6CE5B1D05026400C2B03A /* Goer_logo@2x.png */; };
		BEE6CE5E1D05026400C2B03A /* Goer_logo@3x.png in Resources */ = {isa = PBXBuildFile; fileRef = BEE6CE5C1D05026400C2B03A /* Goer_logo@3x.png */; };
		BEE6CE6D1D0508C800C2B03A /* AFHTTPSessionManager.m in Sources */ = {isa = PBXBuildFile; fileRef = BEE6CE611D0508C800C2B03A /* AFHTTPSessionManager.m */; };
		BEE6CE6E1D0508C800C2B03A /* AFNetworkReachabilityManager.m in Sources */ = {isa = PBXBuildFile; fileRef = BEE6CE641D0508C800C2B03A /* AFNetworkReachabilityManager.m */; };
		BEE6CE6F1D0508C800C2B03A /* AFSecurityPolicy.m in Sources */ = {isa = PBXBuildFile; fileRef = BEE6CE661D0508C800C2B03A /* AFSecurityPolicy.m */; };
		BEE6CE701D0508C800C2B03A /* AFURLRequestSerialization.m in Sources */ = {isa = PBXBuildFile; fileRef = BEE6CE681D0508C800C2B03A /* AFURLRequestSerialization.m */; };
		BEE6CE711D0508C800C2B03A /* AFURLResponseSerialization.m in Sources */ = {isa = PBXBuildFile; fileRef = BEE6CE6A1D0508C800C2B03A /* AFURLResponseSerialization.m */; };
		BEE6CE721D0508C800C2B03A /* AFURLSessionManager.m in Sources */ = {isa = PBXBuildFile; fileRef = BEE6CE6C1D0508C800C2B03A /* AFURLSessionManager.m */; };
		BEEF74771CF80E320020B24D /* JVFloatingDrawerSpringAnimator.m in Sources */ = {isa = PBXBuildFile; fileRef = BEEF74721CF80E320020B24D /* JVFloatingDrawerSpringAnimator.m */; };
		BEEF74781CF80E320020B24D /* JVFloatingDrawerView.m in Sources */ = {isa = PBXBuildFile; fileRef = BEEF74741CF80E320020B24D /* JVFloatingDrawerView.m */; };
		BEEF74791CF80E320020B24D /* JVFloatingDrawerViewController.m in Sources */ = {isa = PBXBuildFile; fileRef = BEEF74761CF80E320020B24D /* JVFloatingDrawerViewController.m */; };
		BEEF747D1CF811CF0020B24D /* LeftDrawerViewController.m in Sources */ = {isa = PBXBuildFile; fileRef = BEEF747B1CF811CF0020B24D /* LeftDrawerViewController.m */; };
		BEEF747E1CF811CF0020B24D /* LeftDrawerViewController.xib in Resources */ = {isa = PBXBuildFile; fileRef = BEEF747C1CF811CF0020B24D /* LeftDrawerViewController.xib */; };
		BEEF74821CF812070020B24D /* RightDrawerViewController.m in Sources */ = {isa = PBXBuildFile; fileRef = BEEF74801CF812070020B24D /* RightDrawerViewController.m */; };
		BEEF74831CF812070020B24D /* RightDrawerViewController.xib in Resources */ = {isa = PBXBuildFile; fileRef = BEEF74811CF812070020B24D /* RightDrawerViewController.xib */; };
		BEF3FC831CF4704C0081170B /* main.m in Sources */ = {isa = PBXBuildFile; fileRef = BEF3FC821CF4704C0081170B /* main.m */; };
		BEF3FC861CF4704D0081170B /* AppDelegate.m in Sources */ = {isa = PBXBuildFile; fileRef = BEF3FC851CF4704D0081170B /* AppDelegate.m */; };
		BEF3FC891CF4704D0081170B /* ViewController.m in Sources */ = {isa = PBXBuildFile; fileRef = BEF3FC881CF4704D0081170B /* ViewController.m */; };
		BEF3FC8C1CF4704D0081170B /* Main.storyboard in Resources */ = {isa = PBXBuildFile; fileRef = BEF3FC8A1CF4704D0081170B /* Main.storyboard */; };
		BEF3FC8E1CF4704D0081170B /* Assets.xcassets in Resources */ = {isa = PBXBuildFile; fileRef = BEF3FC8D1CF4704D0081170B /* Assets.xcassets */; };
		BEF3FC911CF4704D0081170B /* LaunchScreen.storyboard in Resources */ = {isa = PBXBuildFile; fileRef = BEF3FC8F1CF4704D0081170B /* LaunchScreen.storyboard */; };
		BEF3FC9C1CF4704D0081170B /* GoerTests.m in Sources */ = {isa = PBXBuildFile; fileRef = BEF3FC9B1CF4704D0081170B /* GoerTests.m */; };
		BEF3FCA71CF4704D0081170B /* GoerUITests.m in Sources */ = {isa = PBXBuildFile; fileRef = BEF3FCA61CF4704D0081170B /* GoerUITests.m */; };
		BEF99BD81CFD5A3E00536CBC /* list.png in Resources */ = {isa = PBXBuildFile; fileRef = BEF99BD61CFD5A3E00536CBC /* list.png */; };
		BEF99BD91CFD5A3E00536CBC /* weather.png in Resources */ = {isa = PBXBuildFile; fileRef = BEF99BD71CFD5A3E00536CBC /* weather.png */; };
/* End PBXBuildFile section */

/* Begin PBXContainerItemProxy section */
		BEF3FC981CF4704D0081170B /* PBXContainerItemProxy */ = {
			isa = PBXContainerItemProxy;
			containerPortal = BEF3FC761CF4704C0081170B /* Project object */;
			proxyType = 1;
			remoteGlobalIDString = BEF3FC7D1CF4704C0081170B;
			remoteInfo = Goer;
		};
		BEF3FCA31CF4704D0081170B /* PBXContainerItemProxy */ = {
			isa = PBXContainerItemProxy;
			containerPortal = BEF3FC761CF4704C0081170B /* Project object */;
			proxyType = 1;
			remoteGlobalIDString = BEF3FC7D1CF4704C0081170B;
			remoteInfo = Goer;
		};
/* End PBXContainerItemProxy section */

/* Begin PBXFileReference section */
		BE02237A1D04690400454D06 /* refresh.png */ = {isa = PBXFileReference; lastKnownFileType = image.png; path = refresh.png; sourceTree = "<group>"; };
		BE02237C1D046DC200454D06 /* Define.h */ = {isa = PBXFileReference; fileEncoding = 4; lastKnownFileType = sourcecode.c.h; path = Define.h; sourceTree = "<group>"; };
		BE21D8301CF6EF450027C603 /* LoginViewController.h */ = {isa = PBXFileReference; fileEncoding = 4; lastKnownFileType = sourcecode.c.h; path = LoginViewController.h; sourceTree = "<group>"; };
		BE21D8311CF6EF450027C603 /* LoginViewController.m */ = {isa = PBXFileReference; fileEncoding = 4; lastKnownFileType = sourcecode.c.objc; path = LoginViewController.m; sourceTree = "<group>"; };
		BE295DAA1CF9383F00665F6F /* ChatViewController.h */ = {isa = PBXFileReference; fileEncoding = 4; lastKnownFileType = sourcecode.c.h; path = ChatViewController.h; sourceTree = "<group>"; };
		BE295DAB1CF9383F00665F6F /* ChatViewController.m */ = {isa = PBXFileReference; fileEncoding = 4; lastKnownFileType = sourcecode.c.objc; path = ChatViewController.m; sourceTree = "<group>"; };
		BE295DAC1CF9383F00665F6F /* ChatViewController.xib */ = {isa = PBXFileReference; fileEncoding = 4; lastKnownFileType = file.xib; path = ChatViewController.xib; sourceTree = "<group>"; };
		BE4890131D01C12000851A3A /* personInfo.png */ = {isa = PBXFileReference; lastKnownFileType = image.png; path = personInfo.png; sourceTree = "<group>"; };
		BE4890151D01C19600851A3A /* planlogo.png */ = {isa = PBXFileReference; lastKnownFileType = image.png; path = planlogo.png; sourceTree = "<group>"; };
		BE4890161D01C19600851A3A /* settinglogo.png */ = {isa = PBXFileReference; lastKnownFileType = image.png; path = settinglogo.png; sourceTree = "<group>"; };
		BE6319D41CFA8BEF0006909B /* user_logo.png */ = {isa = PBXFileReference; lastKnownFileType = image.png; path = user_logo.png; sourceTree = "<group>"; };
		BE6D3DF61CFDBA7B0025C271 /* weather_icon.png */ = {isa = PBXFileReference; lastKnownFileType = image.png; path = weather_icon.png; sourceTree = "<group>"; };
		BE6D3DF81CFDBE000025C271 /* WeatherModel.h */ = {isa = PBXFileReference; fileEncoding = 4; lastKnownFileType = sourcecode.c.h; path = WeatherModel.h; sourceTree = "<group>"; };
		BE6D3DF91CFDBE000025C271 /* WeatherModel.m */ = {isa = PBXFileReference; fileEncoding = 4; lastKnownFileType = sourcecode.c.objc; path = WeatherModel.m; sourceTree = "<group>"; };
		BE7A0DD31CF5731E0098474D /* LoginViewController.xib */ = {isa = PBXFileReference; fileEncoding = 4; lastKnownFileType = file.xib; path = LoginViewController.xib; sourceTree = "<group>"; };
		BE86023B1CF53CEA00BEADC1 /* UsersModel.h */ = {isa = PBXFileReference; fileEncoding = 4; lastKnownFileType = sourcecode.c.h; path = UsersModel.h; sourceTree = "<group>"; };
		BE86023C1CF53CEA00BEADC1 /* UsersModel.m */ = {isa = PBXFileReference; fileEncoding = 4; lastKnownFileType = sourcecode.c.objc; path = UsersModel.m; sourceTree = "<group>"; };
		BE86023F1CF54BD200BEADC1 /* cm2_blogo_yixin.png */ = {isa = PBXFileReference; lastKnownFileType = image.png; path = cm2_blogo_yixin.png; sourceTree = "<group>"; };
		BE8602401CF54BD200BEADC1 /* cm2_blogo_yixin@2x.png */ = {isa = PBXFileReference; lastKnownFileType = image.png; path = "cm2_blogo_yixin@2x.png"; sourceTree = "<group>"; };
		BE8602411CF54BD200BEADC1 /* cm2_blogo_yixin@3x.png */ = {isa = PBXFileReference; lastKnownFileType = image.png; path = "cm2_blogo_yixin@3x.png"; sourceTree = "<group>"; };
		BE8602421CF54BD200BEADC1 /* cm2_blogo_qq.png */ = {isa = PBXFileReference; lastKnownFileType = image.png; path = cm2_blogo_qq.png; sourceTree = "<group>"; };
		BE8602431CF54BD200BEADC1 /* cm2_blogo_qq@2x.png */ = {isa = PBXFileReference; lastKnownFileType = image.png; path = "cm2_blogo_qq@2x.png"; sourceTree = "<group>"; };
		BE8602441CF54BD200BEADC1 /* cm2_blogo_qq@3x.png */ = {isa = PBXFileReference; lastKnownFileType = image.png; path = "cm2_blogo_qq@3x.png"; sourceTree = "<group>"; };
		BE8602451CF54BD200BEADC1 /* cm2_blogo_weixin.png */ = {isa = PBXFileReference; lastKnownFileType = image.png; path = cm2_blogo_weixin.png; sourceTree = "<group>"; };
		BE8602461CF54BD200BEADC1 /* cm2_blogo_weixin@2x.png */ = {isa = PBXFileReference; lastKnownFileType = image.png; path = "cm2_blogo_weixin@2x.png"; sourceTree = "<group>"; };
		BE8602471CF54BD200BEADC1 /* cm2_blogo_weixin@3x.png */ = {isa = PBXFileReference; lastKnownFileType = image.png; path = "cm2_blogo_weixin@3x.png"; sourceTree = "<group>"; };
		BE8602481CF54BD200BEADC1 /* cm2_blogo_sina@3x.png */ = {isa = PBXFileReference; lastKnownFileType = image.png; path = "cm2_blogo_sina@3x.png"; sourceTree = "<group>"; };
		BE8602491CF54BD200BEADC1 /* cm2_blogo_sina@2x.png */ = {isa = PBXFileReference; lastKnownFileType = image.png; path = "cm2_blogo_sina@2x.png"; sourceTree = "<group>"; };
		BE86024A1CF54BD200BEADC1 /* cm2_blogo_sina.png */ = {isa = PBXFileReference; lastKnownFileType = image.png; path = cm2_blogo_sina.png; sourceTree = "<group>"; };
		BE8AC8571CF86BEB0061F160 /* MyDrawerViewController.h */ = {isa = PBXFileReference; fileEncoding = 4; lastKnownFileType = sourcecode.c.h; path = MyDrawerViewController.h; sourceTree = "<group>"; };
		BE8AC8581CF86BEB0061F160 /* MyDrawerViewController.m */ = {isa = PBXFileReference; fileEncoding = 4; lastKnownFileType = sourcecode.c.objc; path = MyDrawerViewController.m; sourceTree = "<group>"; };
		BE8AC85A1CF86CFA0061F160 /* sky.jpg */ = {isa = PBXFileReference; lastKnownFileType = image.jpeg; path = sky.jpg; sourceTree = "<group>"; };
		BE8AC85B1CF86CFA0061F160 /* sky@2x.jpg */ = {isa = PBXFileReference; lastKnownFileType = image.jpeg; path = "sky@2x.jpg"; sourceTree = "<group>"; };
		BE8AC85C1CF86CFA0061F160 /* sky@3x.jpg */ = {isa = PBXFileReference; lastKnownFileType = image.jpeg; path = "sky@3x.jpg"; sourceTree = "<group>"; };
		BE8AC8601CF870AE0061F160 /* RootViewController.h */ = {isa = PBXFileReference; fileEncoding = 4; lastKnownFileType = sourcecode.c.h; path = RootViewController.h; sourceTree = "<group>"; };
		BE8AC8611CF870AE0061F160 /* RootViewController.m */ = {isa = PBXFileReference; fileEncoding = 4; lastKnownFileType = sourcecode.c.objc; path = RootViewController.m; sourceTree = "<group>"; };
		BE8AC8621CF870AE0061F160 /* RootViewController.xib */ = {isa = PBXFileReference; fileEncoding = 4; lastKnownFileType = file.xib; path = RootViewController.xib; sourceTree = "<group>"; };
		BEE6CE5B1D05026400C2B03A /* Goer_logo@2x.png */ = {isa = PBXFileReference; lastKnownFileType = image.png; path = "Goer_logo@2x.png"; sourceTree = "<group>"; };
		BEE6CE5C1D05026400C2B03A /* Goer_logo@3x.png */ = {isa = PBXFileReference; lastKnownFileType = image.png; path = "Goer_logo@3x.png"; sourceTree = "<group>"; };
		BEE6CE601D0508C800C2B03A /* AFHTTPSessionManager.h */ = {isa = PBXFileReference; fileEncoding = 4; lastKnownFileType = sourcecode.c.h; path = AFHTTPSessionManager.h; sourceTree = "<group>"; };
		BEE6CE611D0508C800C2B03A /* AFHTTPSessionManager.m */ = {isa = PBXFileReference; fileEncoding = 4; lastKnownFileType = sourcecode.c.objc; path = AFHTTPSessionManager.m; sourceTree = "<group>"; };
		BEE6CE621D0508C800C2B03A /* AFNetworking.h */ = {isa = PBXFileReference; fileEncoding = 4; lastKnownFileType = sourcecode.c.h; path = AFNetworking.h; sourceTree = "<group>"; };
		BEE6CE631D0508C800C2B03A /* AFNetworkReachabilityManager.h */ = {isa = PBXFileReference; fileEncoding = 4; lastKnownFileType = sourcecode.c.h; path = AFNetworkReachabilityManager.h; sourceTree = "<group>"; };
		BEE6CE641D0508C800C2B03A /* AFNetworkReachabilityManager.m */ = {isa = PBXFileReference; fileEncoding = 4; lastKnownFileType = sourcecode.c.objc; path = AFNetworkReachabilityManager.m; sourceTree = "<group>"; };
		BEE6CE651D0508C800C2B03A /* AFSecurityPolicy.h */ = {isa = PBXFileReference; fileEncoding = 4; lastKnownFileType = sourcecode.c.h; path = AFSecurityPolicy.h; sourceTree = "<group>"; };
		BEE6CE661D0508C800C2B03A /* AFSecurityPolicy.m */ = {isa = PBXFileReference; fileEncoding = 4; lastKnownFileType = sourcecode.c.objc; path = AFSecurityPolicy.m; sourceTree = "<group>"; };
		BEE6CE671D0508C800C2B03A /* AFURLRequestSerialization.h */ = {isa = PBXFileReference; fileEncoding = 4; lastKnownFileType = sourcecode.c.h; path = AFURLRequestSerialization.h; sourceTree = "<group>"; };
		BEE6CE681D0508C800C2B03A /* AFURLRequestSerialization.m */ = {isa = PBXFileReference; fileEncoding = 4; lastKnownFileType = sourcecode.c.objc; path = AFURLRequestSerialization.m; sourceTree = "<group>"; };
		BEE6CE691D0508C800C2B03A /* AFURLResponseSerialization.h */ = {isa = PBXFileReference; fileEncoding = 4; lastKnownFileType = sourcecode.c.h; path = AFURLResponseSerialization.h; sourceTree = "<group>"; };
		BEE6CE6A1D0508C800C2B03A /* AFURLResponseSerialization.m */ = {isa = PBXFileReference; fileEncoding = 4; lastKnownFileType = sourcecode.c.objc; path = AFURLResponseSerialization.m; sourceTree = "<group>"; };
		BEE6CE6B1D0508C800C2B03A /* AFURLSessionManager.h */ = {isa = PBXFileReference; fileEncoding = 4; lastKnownFileType = sourcecode.c.h; path = AFURLSessionManager.h; sourceTree = "<group>"; };
		BEE6CE6C1D0508C800C2B03A /* AFURLSessionManager.m */ = {isa = PBXFileReference; fileEncoding = 4; lastKnownFileType = sourcecode.c.objc; path = AFURLSessionManager.m; sourceTree = "<group>"; };
		BEEF74701CF80E320020B24D /* JVFloatingDrawerAnimation.h */ = {isa = PBXFileReference; fileEncoding = 4; lastKnownFileType = sourcecode.c.h; path = JVFloatingDrawerAnimation.h; sourceTree = "<group>"; };
		BEEF74711CF80E320020B24D /* JVFloatingDrawerSpringAnimator.h */ = {isa = PBXFileReference; fileEncoding = 4; lastKnownFileType = sourcecode.c.h; path = JVFloatingDrawerSpringAnimator.h; sourceTree = "<group>"; };
		BEEF74721CF80E320020B24D /* JVFloatingDrawerSpringAnimator.m */ = {isa = PBXFileReference; fileEncoding = 4; lastKnownFileType = sourcecode.c.objc; path = JVFloatingDrawerSpringAnimator.m; sourceTree = "<group>"; };
		BEEF74731CF80E320020B24D /* JVFloatingDrawerView.h */ = {isa = PBXFileReference; fileEncoding = 4; lastKnownFileType = sourcecode.c.h; path = JVFloatingDrawerView.h; sourceTree = "<group>"; };
		BEEF74741CF80E320020B24D /* JVFloatingDrawerView.m */ = {isa = PBXFileReference; fileEncoding = 4; lastKnownFileType = sourcecode.c.objc; path = JVFloatingDrawerView.m; sourceTree = "<group>"; };
		BEEF74751CF80E320020B24D /* JVFloatingDrawerViewController.h */ = {isa = PBXFileReference; fileEncoding = 4; lastKnownFileType = sourcecode.c.h; path = JVFloatingDrawerViewController.h; sourceTree = "<group>"; };
		BEEF74761CF80E320020B24D /* JVFloatingDrawerViewController.m */ = {isa = PBXFileReference; fileEncoding = 4; lastKnownFileType = sourcecode.c.objc; path = JVFloatingDrawerViewController.m; sourceTree = "<group>"; };
		BEEF747A1CF811CF0020B24D /* LeftDrawerViewController.h */ = {isa = PBXFileReference; fileEncoding = 4; lastKnownFileType = sourcecode.c.h; path = LeftDrawerViewController.h; sourceTree = "<group>"; };
		BEEF747B1CF811CF0020B24D /* LeftDrawerViewController.m */ = {isa = PBXFileReference; fileEncoding = 4; lastKnownFileType = sourcecode.c.objc; path = LeftDrawerViewController.m; sourceTree = "<group>"; };
		BEEF747C1CF811CF0020B24D /* LeftDrawerViewController.xib */ = {isa = PBXFileReference; fileEncoding = 4; lastKnownFileType = file.xib; path = LeftDrawerViewController.xib; sourceTree = "<group>"; };
		BEEF747F1CF812070020B24D /* RightDrawerViewController.h */ = {isa = PBXFileReference; fileEncoding = 4; lastKnownFileType = sourcecode.c.h; path = RightDrawerViewController.h; sourceTree = "<group>"; };
		BEEF74801CF812070020B24D /* RightDrawerViewController.m */ = {isa = PBXFileReference; fileEncoding = 4; lastKnownFileType = sourcecode.c.objc; path = RightDrawerViewController.m; sourceTree = "<group>"; };
		BEEF74811CF812070020B24D /* RightDrawerViewController.xib */ = {isa = PBXFileReference; fileEncoding = 4; lastKnownFileType = file.xib; path = RightDrawerViewController.xib; sourceTree = "<group>"; };
		BEF3FC7E1CF4704C0081170B /* Goer.app */ = {isa = PBXFileReference; explicitFileType = wrapper.application; includeInIndex = 0; path = Goer.app; sourceTree = BUILT_PRODUCTS_DIR; };
		BEF3FC821CF4704C0081170B /* main.m */ = {isa = PBXFileReference; lastKnownFileType = sourcecode.c.objc; path = main.m; sourceTree = "<group>"; };
		BEF3FC841CF4704D0081170B /* AppDelegate.h */ = {isa = PBXFileReference; lastKnownFileType = sourcecode.c.h; path = AppDelegate.h; sourceTree = "<group>"; };
		BEF3FC851CF4704D0081170B /* AppDelegate.m */ = {isa = PBXFileReference; lastKnownFileType = sourcecode.c.objc; path = AppDelegate.m; sourceTree = "<group>"; };
		BEF3FC871CF4704D0081170B /* ViewController.h */ = {isa = PBXFileReference; lastKnownFileType = sourcecode.c.h; path = ViewController.h; sourceTree = "<group>"; };
		BEF3FC881CF4704D0081170B /* ViewController.m */ = {isa = PBXFileReference; lastKnownFileType = sourcecode.c.objc; path = ViewController.m; sourceTree = "<group>"; };
		BEF3FC8B1CF4704D0081170B /* Base */ = {isa = PBXFileReference; lastKnownFileType = file.storyboard; name = Base; path = Base.lproj/Main.storyboard; sourceTree = "<group>"; };
		BEF3FC8D1CF4704D0081170B /* Assets.xcassets */ = {isa = PBXFileReference; lastKnownFileType = folder.assetcatalog; path = Assets.xcassets; sourceTree = "<group>"; };
		BEF3FC901CF4704D0081170B /* Base */ = {isa = PBXFileReference; lastKnownFileType = file.storyboard; name = Base; path = Base.lproj/LaunchScreen.storyboard; sourceTree = "<group>"; };
		BEF3FC921CF4704D0081170B /* Info.plist */ = {isa = PBXFileReference; lastKnownFileType = text.plist.xml; path = Info.plist; sourceTree = "<group>"; };
		BEF3FC971CF4704D0081170B /* GoerTests.xctest */ = {isa = PBXFileReference; explicitFileType = wrapper.cfbundle; includeInIndex = 0; path = GoerTests.xctest; sourceTree = BUILT_PRODUCTS_DIR; };
		BEF3FC9B1CF4704D0081170B /* GoerTests.m */ = {isa = PBXFileReference; lastKnownFileType = sourcecode.c.objc; path = GoerTests.m; sourceTree = "<group>"; };
		BEF3FC9D1CF4704D0081170B /* Info.plist */ = {isa = PBXFileReference; lastKnownFileType = text.plist.xml; path = Info.plist; sourceTree = "<group>"; };
		BEF3FCA21CF4704D0081170B /* GoerUITests.xctest */ = {isa = PBXFileReference; explicitFileType = wrapper.cfbundle; includeInIndex = 0; path = GoerUITests.xctest; sourceTree = BUILT_PRODUCTS_DIR; };
		BEF3FCA61CF4704D0081170B /* GoerUITests.m */ = {isa = PBXFileReference; lastKnownFileType = sourcecode.c.objc; path = GoerUITests.m; sourceTree = "<group>"; };
		BEF3FCA81CF4704D0081170B /* Info.plist */ = {isa = PBXFileReference; lastKnownFileType = text.plist.xml; path = Info.plist; sourceTree = "<group>"; };
		BEF99BD61CFD5A3E00536CBC /* list.png */ = {isa = PBXFileReference; lastKnownFileType = image.png; path = list.png; sourceTree = "<group>"; };
		BEF99BD71CFD5A3E00536CBC /* weather.png */ = {isa = PBXFileReference; lastKnownFileType = image.png; path = weather.png; sourceTree = "<group>"; };
/* End PBXFileReference section */

/* Begin PBXFrameworksBuildPhase section */
		BEF3FC7B1CF4704C0081170B /* Frameworks */ = {
			isa = PBXFrameworksBuildPhase;
			buildActionMask = 2147483647;
			files = (
			);
			runOnlyForDeploymentPostprocessing = 0;
		};
		BEF3FC941CF4704D0081170B /* Frameworks */ = {
			isa = PBXFrameworksBuildPhase;
			buildActionMask = 2147483647;
			files = (
			);
			runOnlyForDeploymentPostprocessing = 0;
		};
		BEF3FC9F1CF4704D0081170B /* Frameworks */ = {
			isa = PBXFrameworksBuildPhase;
			buildActionMask = 2147483647;
			files = (
			);
			runOnlyForDeploymentPostprocessing = 0;
		};
/* End PBXFrameworksBuildPhase section */

/* Begin PBXGroup section */
		BE0223721D04517800454D06 /* Models */ = {
			isa = PBXGroup;
			children = (
				BE86023B1CF53CEA00BEADC1 /* UsersModel.h */,
				BE86023C1CF53CEA00BEADC1 /* UsersModel.m */,
				BE6D3DF81CFDBE000025C271 /* WeatherModel.h */,
				BE6D3DF91CFDBE000025C271 /* WeatherModel.m */,
			);
			name = Models;
			sourceTree = "<group>";
		};
		BE0223731D04519E00454D06 /* Views */ = {
			isa = PBXGroup;
			children = (
				BE21D8301CF6EF450027C603 /* LoginViewController.h */,
				BE21D8311CF6EF450027C603 /* LoginViewController.m */,
				BE8AC8571CF86BEB0061F160 /* MyDrawerViewController.h */,
				BE8AC8581CF86BEB0061F160 /* MyDrawerViewController.m */,
				BEEF747A1CF811CF0020B24D /* LeftDrawerViewController.h */,
				BEEF747B1CF811CF0020B24D /* LeftDrawerViewController.m */,
				BEEF747F1CF812070020B24D /* RightDrawerViewController.h */,
				BEEF74801CF812070020B24D /* RightDrawerViewController.m */,
				BE8AC8601CF870AE0061F160 /* RootViewController.h */,
				BE8AC8611CF870AE0061F160 /* RootViewController.m */,
				BE295DAA1CF9383F00665F6F /* ChatViewController.h */,
				BE295DAB1CF9383F00665F6F /* ChatViewController.m */,
				BEF3FC871CF4704D0081170B /* ViewController.h */,
				BEF3FC881CF4704D0081170B /* ViewController.m */,
			);
			name = Views;
			sourceTree = "<group>";
		};
		BE0223741D0451CC00454D06 /* Events */ = {
			isa = PBXGroup;
			children = (
			);
			name = Events;
			sourceTree = "<group>";
		};
		BE0223751D0451DF00454D06 /* Operations */ = {
			isa = PBXGroup;
			children = (
			);
			name = Operations;
			sourceTree = "<group>";
		};
		BE0223761D04523500454D06 /* ThirdSDK */ = {
			isa = PBXGroup;
			children = (
				BEE6CE5F1D0508C800C2B03A /* AFNetworking */,
				BEEF746F1CF80E050020B24D /* Drawer */,
			);
			name = ThirdSDK;
			sourceTree = "<group>";
		};
		BE0223771D04526B00454D06 /* Resource */ = {
			isa = PBXGroup;
			children = (
				BE0223791D04530400454D06 /* Config */,
				BE0223781D0452B500454D06 /* XIB */,
				BE86023E1CF54B4A00BEADC1 /* Images */,
				BEF3FC811CF4704C0081170B /* Supporting Files */,
			);
			name = Resource;
			sourceTree = "<group>";
		};
		BE0223781D0452B500454D06 /* XIB */ = {
			isa = PBXGroup;
			children = (
				BE7A0DD31CF5731E0098474D /* LoginViewController.xib */,
				BEEF747C1CF811CF0020B24D /* LeftDrawerViewController.xib */,
				BEEF74811CF812070020B24D /* RightDrawerViewController.xib */,
				BE8AC8621CF870AE0061F160 /* RootViewController.xib */,
				BE295DAC1CF9383F00665F6F /* ChatViewController.xib */,
				BEF3FC8A1CF4704D0081170B /* Main.storyboard */,
				BEF3FC8F1CF4704D0081170B /* LaunchScreen.storyboard */,
			);
			name = XIB;
			sourceTree = "<group>";
		};
		BE0223791D04530400454D06 /* Config */ = {
			isa = PBXGroup;
			children = (
				BEF3FC921CF4704D0081170B /* Info.plist */,
				BE02237C1D046DC200454D06 /* Define.h */,
			);
			name = Config;
			sourceTree = "<group>";
		};
		BE86023E1CF54B4A00BEADC1 /* Images */ = {
			isa = PBXGroup;
			children = (
				BE02237A1D04690400454D06 /* refresh.png */,
				BEF3FC8D1CF4704D0081170B /* Assets.xcassets */,
				BE4890131D01C12000851A3A /* personInfo.png */,
				BE4890151D01C19600851A3A /* planlogo.png */,
				BE4890161D01C19600851A3A /* settinglogo.png */,
				BE6D3DF61CFDBA7B0025C271 /* weather_icon.png */,
				BE6319D41CFA8BEF0006909B /* user_logo.png */,
				BEF99BD61CFD5A3E00536CBC /* list.png */,
				BEF99BD71CFD5A3E00536CBC /* weather.png */,
				BE8AC85A1CF86CFA0061F160 /* sky.jpg */,
				BE8AC85B1CF86CFA0061F160 /* sky@2x.jpg */,
				BE8AC85C1CF86CFA0061F160 /* sky@3x.jpg */,
				BEE6CE5B1D05026400C2B03A /* Goer_logo@2x.png */,
				BEE6CE5C1D05026400C2B03A /* Goer_logo@3x.png */,
				BE86023F1CF54BD200BEADC1 /* cm2_blogo_yixin.png */,
				BE8602401CF54BD200BEADC1 /* cm2_blogo_yixin@2x.png */,
				BE8602411CF54BD200BEADC1 /* cm2_blogo_yixin@3x.png */,
				BE8602421CF54BD200BEADC1 /* cm2_blogo_qq.png */,
				BE8602431CF54BD200BEADC1 /* cm2_blogo_qq@2x.png */,
				BE8602441CF54BD200BEADC1 /* cm2_blogo_qq@3x.png */,
				BE8602451CF54BD200BEADC1 /* cm2_blogo_weixin.png */,
				BE8602461CF54BD200BEADC1 /* cm2_blogo_weixin@2x.png */,
				BE8602471CF54BD200BEADC1 /* cm2_blogo_weixin@3x.png */,
				BE8602481CF54BD200BEADC1 /* cm2_blogo_sina@3x.png */,
				BE8602491CF54BD200BEADC1 /* cm2_blogo_sina@2x.png */,
				BE86024A1CF54BD200BEADC1 /* cm2_blogo_sina.png */,
			);
			name = Images;
			sourceTree = "<group>";
		};
		BEE6CE5F1D0508C800C2B03A /* AFNetworking */ = {
			isa = PBXGroup;
			children = (
				BEE6CE601D0508C800C2B03A /* AFHTTPSessionManager.h */,
				BEE6CE611D0508C800C2B03A /* AFHTTPSessionManager.m */,
				BEE6CE621D0508C800C2B03A /* AFNetworking.h */,
				BEE6CE631D0508C800C2B03A /* AFNetworkReachabilityManager.h */,
				BEE6CE641D0508C800C2B03A /* AFNetworkReachabilityManager.m */,
				BEE6CE651D0508C800C2B03A /* AFSecurityPolicy.h */,
				BEE6CE661D0508C800C2B03A /* AFSecurityPolicy.m */,
				BEE6CE671D0508C800C2B03A /* AFURLRequestSerialization.h */,
				BEE6CE681D0508C800C2B03A /* AFURLRequestSerialization.m */,
				BEE6CE691D0508C800C2B03A /* AFURLResponseSerialization.h */,
				BEE6CE6A1D0508C800C2B03A /* AFURLResponseSerialization.m */,
				BEE6CE6B1D0508C800C2B03A /* AFURLSessionManager.h */,
				BEE6CE6C1D0508C800C2B03A /* AFURLSessionManager.m */,
			);
			path = AFNetworking;
			sourceTree = "<group>";
		};
		BEEF746F1CF80E050020B24D /* Drawer */ = {
			isa = PBXGroup;
			children = (
				BEEF74701CF80E320020B24D /* JVFloatingDrawerAnimation.h */,
				BEEF74711CF80E320020B24D /* JVFloatingDrawerSpringAnimator.h */,
				BEEF74721CF80E320020B24D /* JVFloatingDrawerSpringAnimator.m */,
				BEEF74731CF80E320020B24D /* JVFloatingDrawerView.h */,
				BEEF74741CF80E320020B24D /* JVFloatingDrawerView.m */,
				BEEF74751CF80E320020B24D /* JVFloatingDrawerViewController.h */,
				BEEF74761CF80E320020B24D /* JVFloatingDrawerViewController.m */,
			);
			name = Drawer;
			sourceTree = "<group>";
		};
		BEF3FC751CF4704C0081170B = {
			isa = PBXGroup;
			children = (
				BEF3FC801CF4704C0081170B /* Goer */,
				BEF3FC9A1CF4704D0081170B /* GoerTests */,
				BEF3FCA51CF4704D0081170B /* GoerUITests */,
				BEF3FC7F1CF4704C0081170B /* Products */,
			);
			sourceTree = "<group>";
		};
		BEF3FC7F1CF4704C0081170B /* Products */ = {
			isa = PBXGroup;
			children = (
				BEF3FC7E1CF4704C0081170B /* Goer.app */,
				BEF3FC971CF4704D0081170B /* GoerTests.xctest */,
				BEF3FCA21CF4704D0081170B /* GoerUITests.xctest */,
			);
			name = Products;
			sourceTree = "<group>";
		};
		BEF3FC801CF4704C0081170B /* Goer */ = {
			isa = PBXGroup;
			children = (
				BE0223721D04517800454D06 /* Models */,
				BE0223751D0451DF00454D06 /* Operations */,
				BE0223741D0451CC00454D06 /* Events */,
				BE0223731D04519E00454D06 /* Views */,
				BE0223761D04523500454D06 /* ThirdSDK */,
				BE0223771D04526B00454D06 /* Resource */,
				BEF3FC841CF4704D0081170B /* AppDelegate.h */,
				BEF3FC851CF4704D0081170B /* AppDelegate.m */,
			);
			path = Goer;
			sourceTree = "<group>";
		};
		BEF3FC811CF4704C0081170B /* Supporting Files */ = {
			isa = PBXGroup;
			children = (
				BEF3FC821CF4704C0081170B /* main.m */,
			);
			name = "Supporting Files";
			sourceTree = "<group>";
		};
		BEF3FC9A1CF4704D0081170B /* GoerTests */ = {
			isa = PBXGroup;
			children = (
				BEF3FC9B1CF4704D0081170B /* GoerTests.m */,
				BEF3FC9D1CF4704D0081170B /* Info.plist */,
			);
			path = GoerTests;
			sourceTree = "<group>";
		};
		BEF3FCA51CF4704D0081170B /* GoerUITests */ = {
			isa = PBXGroup;
			children = (
				BEF3FCA61CF4704D0081170B /* GoerUITests.m */,
				BEF3FCA81CF4704D0081170B /* Info.plist */,
			);
			path = GoerUITests;
			sourceTree = "<group>";
		};
/* End PBXGroup section */

/* Begin PBXNativeTarget section */
		BEF3FC7D1CF4704C0081170B /* Goer */ = {
			isa = PBXNativeTarget;
			buildConfigurationList = BEF3FCAB1CF4704D0081170B /* Build configuration list for PBXNativeTarget "Goer" */;
			buildPhases = (
				BEF3FC7A1CF4704C0081170B /* Sources */,
				BEF3FC7B1CF4704C0081170B /* Frameworks */,
				BEF3FC7C1CF4704C0081170B /* Resources */,
			);
			buildRules = (
			);
			dependencies = (
			);
			name = Goer;
			productName = Goer;
			productReference = BEF3FC7E1CF4704C0081170B /* Goer.app */;
			productType = "com.apple.product-type.application";
		};
		BEF3FC961CF4704D0081170B /* GoerTests */ = {
			isa = PBXNativeTarget;
			buildConfigurationList = BEF3FCAE1CF4704D0081170B /* Build configuration list for PBXNativeTarget "GoerTests" */;
			buildPhases = (
				BEF3FC931CF4704D0081170B /* Sources */,
				BEF3FC941CF4704D0081170B /* Frameworks */,
				BEF3FC951CF4704D0081170B /* Resources */,
			);
			buildRules = (
			);
			dependencies = (
				BEF3FC991CF4704D0081170B /* PBXTargetDependency */,
			);
			name = GoerTests;
			productName = GoerTests;
			productReference = BEF3FC971CF4704D0081170B /* GoerTests.xctest */;
			productType = "com.apple.product-type.bundle.unit-test";
		};
		BEF3FCA11CF4704D0081170B /* GoerUITests */ = {
			isa = PBXNativeTarget;
			buildConfigurationList = BEF3FCB11CF4704D0081170B /* Build configuration list for PBXNativeTarget "GoerUITests" */;
			buildPhases = (
				BEF3FC9E1CF4704D0081170B /* Sources */,
				BEF3FC9F1CF4704D0081170B /* Frameworks */,
				BEF3FCA01CF4704D0081170B /* Resources */,
			);
			buildRules = (
			);
			dependencies = (
				BEF3FCA41CF4704D0081170B /* PBXTargetDependency */,
			);
			name = GoerUITests;
			productName = GoerUITests;
			productReference = BEF3FCA21CF4704D0081170B /* GoerUITests.xctest */;
			productType = "com.apple.product-type.bundle.ui-testing";
		};
/* End PBXNativeTarget section */

/* Begin PBXProject section */
		BEF3FC761CF4704C0081170B /* Project object */ = {
			isa = PBXProject;
			attributes = {
				LastUpgradeCheck = 0730;
				ORGANIZATIONNAME = liyin;
				TargetAttributes = {
					BEF3FC7D1CF4704C0081170B = {
						CreatedOnToolsVersion = 7.3;
						DevelopmentTeam = 7SA75SLQ6E;
					};
					BEF3FC961CF4704D0081170B = {
						CreatedOnToolsVersion = 7.3;
						DevelopmentTeam = 7SA75SLQ6E;
						TestTargetID = BEF3FC7D1CF4704C0081170B;
					};
					BEF3FCA11CF4704D0081170B = {
						CreatedOnToolsVersion = 7.3;
						DevelopmentTeam = 7SA75SLQ6E;
						TestTargetID = BEF3FC7D1CF4704C0081170B;
					};
				};
			};
			buildConfigurationList = BEF3FC791CF4704C0081170B /* Build configuration list for PBXProject "Goer" */;
			compatibilityVersion = "Xcode 3.2";
			developmentRegion = English;
			hasScannedForEncodings = 0;
			knownRegions = (
				en,
				Base,
			);
			mainGroup = BEF3FC751CF4704C0081170B;
			productRefGroup = BEF3FC7F1CF4704C0081170B /* Products */;
			projectDirPath = "";
			projectRoot = "";
			targets = (
				BEF3FC7D1CF4704C0081170B /* Goer */,
				BEF3FC961CF4704D0081170B /* GoerTests */,
				BEF3FCA11CF4704D0081170B /* GoerUITests */,
			);
		};
/* End PBXProject section */

/* Begin PBXResourcesBuildPhase section */
		BEF3FC7C1CF4704C0081170B /* Resources */ = {
			isa = PBXResourcesBuildPhase;
			buildActionMask = 2147483647;
			files = (
				BE8AC85D1CF86CFA0061F160 /* sky.jpg in Resources */,
				BEEF747E1CF811CF0020B24D /* LeftDrawerViewController.xib in Resources */,
				BE295DAE1CF9383F00665F6F /* ChatViewController.xib in Resources */,
				BE8602531CF54BD200BEADC1 /* cm2_blogo_weixin@3x.png in Resources */,
				BE8AC8641CF870AE0061F160 /* RootViewController.xib in Resources */,
				BE8602511CF54BD200BEADC1 /* cm2_blogo_weixin.png in Resources */,
				BE8AC85F1CF86CFA0061F160 /* sky@3x.jpg in Resources */,
				BE8602501CF54BD200BEADC1 /* cm2_blogo_qq@3x.png in Resources */,
				BE86024E1CF54BD200BEADC1 /* cm2_blogo_qq.png in Resources */,
				BE7A0DD41CF5731E0098474D /* LoginViewController.xib in Resources */,
				BEE6CE5D1D05026400C2B03A /* Goer_logo@2x.png in Resources */,
				BE8602541CF54BD200BEADC1 /* cm2_blogo_sina@3x.png in Resources */,
				BEF3FC911CF4704D0081170B /* LaunchScreen.storyboard in Resources */,
				BE4890141D01C12000851A3A /* personInfo.png in Resources */,
				BE6D3DF71CFDBA7B0025C271 /* weather_icon.png in Resources */,
				BE4890171D01C19600851A3A /* planlogo.png in Resources */,
				BE4890181D01C19600851A3A /* settinglogo.png in Resources */,
				BE02237B1D04690500454D06 /* refresh.png in Resources */,
				BE8602551CF54BD200BEADC1 /* cm2_blogo_sina@2x.png in Resources */,
				BEF3FC8E1CF4704D0081170B /* Assets.xcassets in Resources */,
				BE86024D1CF54BD200BEADC1 /* cm2_blogo_yixin@3x.png in Resources */,
				BE86024B1CF54BD200BEADC1 /* cm2_blogo_yixin.png in Resources */,
				BEF99BD81CFD5A3E00536CBC /* list.png in Resources */,
				BE8602521CF54BD200BEADC1 /* cm2_blogo_weixin@2x.png in Resources */,
				BE8AC85E1CF86CFA0061F160 /* sky@2x.jpg in Resources */,
				BE86024F1CF54BD200BEADC1 /* cm2_blogo_qq@2x.png in Resources */,
				BEE6CE5E1D05026400C2B03A /* Goer_logo@3x.png in Resources */,
				BEEF74831CF812070020B24D /* RightDrawerViewController.xib in Resources */,
				BEF3FC8C1CF4704D0081170B /* Main.storyboard in Resources */,
				BE86024C1CF54BD200BEADC1 /* cm2_blogo_yixin@2x.png in Resources */,
				BE6319D51CFA8BEF0006909B /* user_logo.png in Resources */,
				BEF99BD91CFD5A3E00536CBC /* weather.png in Resources */,
				BE8602561CF54BD200BEADC1 /* cm2_blogo_sina.png in Resources */,
			);
			runOnlyForDeploymentPostprocessing = 0;
		};
		BEF3FC951CF4704D0081170B /* Resources */ = {
			isa = PBXResourcesBuildPhase;
			buildActionMask = 2147483647;
			files = (
			);
			runOnlyForDeploymentPostprocessing = 0;
		};
		BEF3FCA01CF4704D0081170B /* Resources */ = {
			isa = PBXResourcesBuildPhase;
			buildActionMask = 2147483647;
			files = (
			);
			runOnlyForDeploymentPostprocessing = 0;
		};
/* End PBXResourcesBuildPhase section */

/* Begin PBXSourcesBuildPhase section */
		BEF3FC7A1CF4704C0081170B /* Sources */ = {
			isa = PBXSourcesBuildPhase;
			buildActionMask = 2147483647;
			files = (
				BEF3FC891CF4704D0081170B /* ViewController.m in Sources */,
				BEF3FC861CF4704D0081170B /* AppDelegate.m in Sources */,
				BEEF74821CF812070020B24D /* RightDrawerViewController.m in Sources */,
				BEEF74771CF80E320020B24D /* JVFloatingDrawerSpringAnimator.m in Sources */,
				BE86023D1CF53CEA00BEADC1 /* UsersModel.m in Sources */,
				BEE6CE721D0508C800C2B03A /* AFURLSessionManager.m in Sources */,
				BE8AC8591CF86BEB0061F160 /* MyDrawerViewController.m in Sources */,
				BEE6CE6E1D0508C800C2B03A /* AFNetworkReachabilityManager.m in Sources */,
				BEEF747D1CF811CF0020B24D /* LeftDrawerViewController.m in Sources */,
				BEEF74781CF80E320020B24D /* JVFloatingDrawerView.m in Sources */,
				BEE6CE711D0508C800C2B03A /* AFURLResponseSerialization.m in Sources */,
				BEE6CE701D0508C800C2B03A /* AFURLRequestSerialization.m in Sources */,
				BEE6CE6F1D0508C800C2B03A /* AFSecurityPolicy.m in Sources */,
				BEF3FC831CF4704C0081170B /* main.m in Sources */,
				BE8AC8631CF870AE0061F160 /* RootViewController.m in Sources */,
				BEEF74791CF80E320020B24D /* JVFloatingDrawerViewController.m in Sources */,
				BE295DAD1CF9383F00665F6F /* ChatViewController.m in Sources */,
				BEE6CE6D1D0508C800C2B03A /* AFHTTPSessionManager.m in Sources */,
				BE6D3DFA1CFDBE000025C271 /* WeatherModel.m in Sources */,
				BE21D8321CF6EF450027C603 /* LoginViewController.m in Sources */,
			);
			runOnlyForDeploymentPostprocessing = 0;
		};
		BEF3FC931CF4704D0081170B /* Sources */ = {
			isa = PBXSourcesBuildPhase;
			buildActionMask = 2147483647;
			files = (
				BEF3FC9C1CF4704D0081170B /* GoerTests.m in Sources */,
			);
			runOnlyForDeploymentPostprocessing = 0;
		};
		BEF3FC9E1CF4704D0081170B /* Sources */ = {
			isa = PBXSourcesBuildPhase;
			buildActionMask = 2147483647;
			files = (
				BEF3FCA71CF4704D0081170B /* GoerUITests.m in Sources */,
			);
			runOnlyForDeploymentPostprocessing = 0;
		};
/* End PBXSourcesBuildPhase section */

/* Begin PBXTargetDependency section */
		BEF3FC991CF4704D0081170B /* PBXTargetDependency */ = {
			isa = PBXTargetDependency;
			target = BEF3FC7D1CF4704C0081170B /* Goer */;
			targetProxy = BEF3FC981CF4704D0081170B /* PBXContainerItemProxy */;
		};
		BEF3FCA41CF4704D0081170B /* PBXTargetDependency */ = {
			isa = PBXTargetDependency;
			target = BEF3FC7D1CF4704C0081170B /* Goer */;
			targetProxy = BEF3FCA31CF4704D0081170B /* PBXContainerItemProxy */;
		};
/* End PBXTargetDependency section */

/* Begin PBXVariantGroup section */
		BEF3FC8A1CF4704D0081170B /* Main.storyboard */ = {
			isa = PBXVariantGroup;
			children = (
				BEF3FC8B1CF4704D0081170B /* Base */,
			);
			name = Main.storyboard;
			sourceTree = "<group>";
		};
		BEF3FC8F1CF4704D0081170B /* LaunchScreen.storyboard */ = {
			isa = PBXVariantGroup;
			children = (
				BEF3FC901CF4704D0081170B /* Base */,
			);
			name = LaunchScreen.storyboard;
			sourceTree = "<group>";
		};
/* End PBXVariantGroup section */

/* Begin XCBuildConfiguration section */
		BEF3FCA91CF4704D0081170B /* Debug */ = {
			isa = XCBuildConfiguration;
			buildSettings = {
				ALWAYS_SEARCH_USER_PATHS = NO;
				CLANG_ANALYZER_NONNULL = YES;
				CLANG_CXX_LANGUAGE_STANDARD = "gnu++0x";
				CLANG_CXX_LIBRARY = "libc++";
				CLANG_ENABLE_MODULES = YES;
				CLANG_ENABLE_OBJC_ARC = YES;
				CLANG_WARN_BOOL_CONVERSION = YES;
				CLANG_WARN_CONSTANT_CONVERSION = YES;
				CLANG_WARN_DIRECT_OBJC_ISA_USAGE = YES_ERROR;
				CLANG_WARN_EMPTY_BODY = YES;
				CLANG_WARN_ENUM_CONVERSION = YES;
				CLANG_WARN_INT_CONVERSION = YES;
				CLANG_WARN_OBJC_ROOT_CLASS = YES_ERROR;
				CLANG_WARN_UNREACHABLE_CODE = YES;
				CLANG_WARN__DUPLICATE_METHOD_MATCH = YES;
				"CODE_SIGN_IDENTITY[sdk=iphoneos*]" = "iPhone Developer";
				COPY_PHASE_STRIP = NO;
				DEBUG_INFORMATION_FORMAT = dwarf;
				ENABLE_STRICT_OBJC_MSGSEND = YES;
				ENABLE_TESTABILITY = YES;
				GCC_C_LANGUAGE_STANDARD = gnu99;
				GCC_DYNAMIC_NO_PIC = NO;
				GCC_NO_COMMON_BLOCKS = YES;
				GCC_OPTIMIZATION_LEVEL = 0;
				GCC_PREPROCESSOR_DEFINITIONS = (
					"DEBUG=1",
					"$(inherited)",
				);
				GCC_WARN_64_TO_32_BIT_CONVERSION = YES;
				GCC_WARN_ABOUT_RETURN_TYPE = YES_ERROR;
				GCC_WARN_UNDECLARED_SELECTOR = YES;
				GCC_WARN_UNINITIALIZED_AUTOS = YES_AGGRESSIVE;
				GCC_WARN_UNUSED_FUNCTION = YES;
				GCC_WARN_UNUSED_VARIABLE = YES;
				IPHONEOS_DEPLOYMENT_TARGET = 9.3;
				MTL_ENABLE_DEBUG_INFO = YES;
				ONLY_ACTIVE_ARCH = YES;
				SDKROOT = iphoneos;
				TARGETED_DEVICE_FAMILY = "1,2";
			};
			name = Debug;
		};
		BEF3FCAA1CF4704D0081170B /* Release */ = {
			isa = XCBuildConfiguration;
			buildSettings = {
				ALWAYS_SEARCH_USER_PATHS = NO;
				CLANG_ANALYZER_NONNULL = YES;
				CLANG_CXX_LANGUAGE_STANDARD = "gnu++0x";
				CLANG_CXX_LIBRARY = "libc++";
				CLANG_ENABLE_MODULES = YES;
				CLANG_ENABLE_OBJC_ARC = YES;
				CLANG_WARN_BOOL_CONVERSION = YES;
				CLANG_WARN_CONSTANT_CONVERSION = YES;
				CLANG_WARN_DIRECT_OBJC_ISA_USAGE = YES_ERROR;
				CLANG_WARN_EMPTY_BODY = YES;
				CLANG_WARN_ENUM_CONVERSION = YES;
				CLANG_WARN_INT_CONVERSION = YES;
				CLANG_WARN_OBJC_ROOT_CLASS = YES_ERROR;
				CLANG_WARN_UNREACHABLE_CODE = YES;
				CLANG_WARN__DUPLICATE_METHOD_MATCH = YES;
				"CODE_SIGN_IDENTITY[sdk=iphoneos*]" = "iPhone Developer";
				COPY_PHASE_STRIP = NO;
				DEBUG_INFORMATION_FORMAT = "dwarf-with-dsym";
				ENABLE_NS_ASSERTIONS = NO;
				ENABLE_STRICT_OBJC_MSGSEND = YES;
				GCC_C_LANGUAGE_STANDARD = gnu99;
				GCC_NO_COMMON_BLOCKS = YES;
				GCC_WARN_64_TO_32_BIT_CONVERSION = YES;
				GCC_WARN_ABOUT_RETURN_TYPE = YES_ERROR;
				GCC_WARN_UNDECLARED_SELECTOR = YES;
				GCC_WARN_UNINITIALIZED_AUTOS = YES_AGGRESSIVE;
				GCC_WARN_UNUSED_FUNCTION = YES;
				GCC_WARN_UNUSED_VARIABLE = YES;
				IPHONEOS_DEPLOYMENT_TARGET = 9.3;
				MTL_ENABLE_DEBUG_INFO = NO;
				SDKROOT = iphoneos;
				TARGETED_DEVICE_FAMILY = "1,2";
				VALIDATE_PRODUCT = YES;
			};
			name = Release;
		};
		BEF3FCAC1CF4704D0081170B /* Debug */ = {
			isa = XCBuildConfiguration;
			buildSettings = {
				ASSETCATALOG_COMPILER_APPICON_NAME = AppIcon;
				INFOPLIST_FILE = Goer/Info.plist;
				LD_RUNPATH_SEARCH_PATHS = "$(inherited) @executable_path/Frameworks";
				PRODUCT_BUNDLE_IDENTIFIER = com.andios.Goer;
				PRODUCT_NAME = "$(TARGET_NAME)";
			};
			name = Debug;
		};
		BEF3FCAD1CF4704D0081170B /* Release */ = {
			isa = XCBuildConfiguration;
			buildSettings = {
				ASSETCATALOG_COMPILER_APPICON_NAME = AppIcon;
				INFOPLIST_FILE = Goer/Info.plist;
				LD_RUNPATH_SEARCH_PATHS = "$(inherited) @executable_path/Frameworks";
				PRODUCT_BUNDLE_IDENTIFIER = com.andios.Goer;
				PRODUCT_NAME = "$(TARGET_NAME)";
			};
			name = Release;
		};
		BEF3FCAF1CF4704D0081170B /* Debug */ = {
			isa = XCBuildConfiguration;
			buildSettings = {
				BUNDLE_LOADER = "$(TEST_HOST)";
				INFOPLIST_FILE = GoerTests/Info.plist;
				LD_RUNPATH_SEARCH_PATHS = "$(inherited) @executable_path/Frameworks @loader_path/Frameworks";
				PRODUCT_BUNDLE_IDENTIFIER = com.andios.GoerTests;
				PRODUCT_NAME = "$(TARGET_NAME)";
				TEST_HOST = "$(BUILT_PRODUCTS_DIR)/Goer.app/Goer";
			};
			name = Debug;
		};
		BEF3FCB01CF4704D0081170B /* Release */ = {
			isa = XCBuildConfiguration;
			buildSettings = {
				BUNDLE_LOADER = "$(TEST_HOST)";
				INFOPLIST_FILE = GoerTests/Info.plist;
				LD_RUNPATH_SEARCH_PATHS = "$(inherited) @executable_path/Frameworks @loader_path/Frameworks";
				PRODUCT_BUNDLE_IDENTIFIER = com.andios.GoerTests;
				PRODUCT_NAME = "$(TARGET_NAME)";
				TEST_HOST = "$(BUILT_PRODUCTS_DIR)/Goer.app/Goer";
			};
			name = Release;
		};
		BEF3FCB21CF4704D0081170B /* Debug */ = {
			isa = XCBuildConfiguration;
			buildSettings = {
				INFOPLIST_FILE = GoerUITests/Info.plist;
				LD_RUNPATH_SEARCH_PATHS = "$(inherited) @executable_path/Frameworks @loader_path/Frameworks";
				PRODUCT_BUNDLE_IDENTIFIER = com.andios.GoerUITests;
				PRODUCT_NAME = "$(TARGET_NAME)";
				TEST_TARGET_NAME = Goer;
			};
			name = Debug;
		};
		BEF3FCB31CF4704D0081170B /* Release */ = {
			isa = XCBuildConfiguration;
			buildSettings = {
				INFOPLIST_FILE = GoerUITests/Info.plist;
				LD_RUNPATH_SEARCH_PATHS = "$(inherited) @executable_path/Frameworks @loader_path/Frameworks";
				PRODUCT_BUNDLE_IDENTIFIER = com.andios.GoerUITests;
				PRODUCT_NAME = "$(TARGET_NAME)";
				TEST_TARGET_NAME = Goer;
			};
			name = Release;
		};
/* End XCBuildConfiguration section */

/* Begin XCConfigurationList section */
		BEF3FC791CF4704C0081170B /* Build configuration list for PBXProject "Goer" */ = {
			isa = XCConfigurationList;
			buildConfigurations = (
				BEF3FCA91CF4704D0081170B /* Debug */,
				BEF3FCAA1CF4704D0081170B /* Release */,
			);
			defaultConfigurationIsVisible = 0;
			defaultConfigurationName = Release;
		};
		BEF3FCAB1CF4704D0081170B /* Build configuration list for PBXNativeTarget "Goer" */ = {
			isa = XCConfigurationList;
			buildConfigurations = (
				BEF3FCAC1CF4704D0081170B /* Debug */,
				BEF3FCAD1CF4704D0081170B /* Release */,
			);
			defaultConfigurationIsVisible = 0;
			defaultConfigurationName = Release;
		};
		BEF3FCAE1CF4704D0081170B /* Build configuration list for PBXNativeTarget "GoerTests" */ = {
			isa = XCConfigurationList;
			buildConfigurations = (
				BEF3FCAF1CF4704D0081170B /* Debug */,
				BEF3FCB01CF4704D0081170B /* Release */,
			);
			defaultConfigurationIsVisible = 0;
			defaultConfigurationName = Release;
		};
		BEF3FCB11CF4704D0081170B /* Build configuration list for PBXNativeTarget "GoerUITests" */ = {
			isa = XCConfigurationList;
			buildConfigurations = (
				BEF3FCB21CF4704D0081170B /* Debug */,
				BEF3FCB31CF4704D0081170B /* Release */,
			);
			defaultConfigurationIsVisible = 0;
			defaultConfigurationName = Release;
		};
/* End XCConfigurationList section */
	};
	rootObject = BEF3FC761CF4704C0081170B /* Project object */;
}
